
Microsoft Visual Studio Solution File, Format Version 12.00
# Visual Studio Version 17
VisualStudioVersion = 17.9.34728.123
MinimumVisualStudioVersion = 10.0.40219.1
Project("{2150E333-8FDC-42A3-9474-1A3956D46DE8}") = "BookingService", "BookingService", "{786C8C3E-0EBD-4359-A798-487B5209D307}"
EndProject
Project("{2150E333-8FDC-42A3-9474-1A3956D46DE8}") = "PaymentService", "PaymentService", "{4D20745D-489D-40A6-A10C-51FD58B8B86B}"
EndProject
Project("{2150E333-8FDC-42A3-9474-1A3956D46DE8}") = "Core", "Core", "{775BFB23-E1EE-415D-A521-3D9775D0DC85}"
EndProject
Project("{2150E333-8FDC-42A3-9474-1A3956D46DE8}") = "Domain", "Domain", "{54E14F53-3945-4ADE-B15C-88BA127A0182}"
EndProject
Project("{2150E333-8FDC-42A3-9474-1A3956D46DE8}") = "Application", "Application", "{F458E923-B671-47A6-9C6B-18ED8B10689B}"
EndProject
Project("{2150E333-8FDC-42A3-9474-1A3956D46DE8}") = "Adapters", "Adapters", "{547FAE6D-BF08-4606-8551-FE5A152D0955}"
EndProject
Project("{2150E333-8FDC-42A3-9474-1A3956D46DE8}") = "Consumers", "Consumers", "{5E2FD41B-3D53-48A4-BA82-9A0BAC869E17}"
EndProject
Project("{2150E333-8FDC-42A3-9474-1A3956D46DE8}") = "Tests", "Tests", "{8226AE2E-FEA2-45C9-B4D6-B763BFA5DEB3}"
EndProject
Project("{2150E333-8FDC-42A3-9474-1A3956D46DE8}") = "Domain", "Domain", "{17372079-BB77-43EF-90C9-ECD4A1CCE1F7}"
EndProject
Project("{9A19103F-16F7-4668-BE54-9A1E7A4F7556}") = "DomainTests", "BookingService\Tests\Domain\DomainTests\DomainTests.csproj", "{D1C137D4-1F9C-40AF-A346-979166F268DE}"
EndProject
Project("{9A19103F-16F7-4668-BE54-9A1E7A4F7556}") = "AdaptersTests", "BookingService\Tests\Adapters\AdaptersTests\AdaptersTests.csproj", "{339A48EB-1F9D-4047-89EC-0DAAF01BEDAC}"
EndProject
Project("{2150E333-8FDC-42A3-9474-1A3956D46DE8}") = "Adapters", "Adapters", "{8DD36218-4FAC-4CB6-BB0E-0E541FCF5F5C}"
EndProject
Project("{2150E333-8FDC-42A3-9474-1A3956D46DE8}") = "Application", "Application", "{B7FDD90C-4C5A-4B72-9554-5147B358B625}"
EndProject
Project("{9A19103F-16F7-4668-BE54-9A1E7A4F7556}") = "API", "BookingService\Consumers\API\API.csproj", "{F5D31F96-AF21-4432-B986-73ADBD9FC1D2}"
EndProject
Project("{9A19103F-16F7-4668-BE54-9A1E7A4F7556}") = "Data", "BookingService\Adapters\Data\Data.csproj", "{8560B201-A793-4C5B-95A2-6C35026ED8FE}"
EndProject
Project("{9A19103F-16F7-4668-BE54-9A1E7A4F7556}") = "ApplicationTests", "BookingService\Tests\Application\ApplicationTests\ApplicationTests.csproj", "{142292AC-B45C-4729-90B4-7B2895745BC3}"
EndProject
Project("{9A19103F-16F7-4668-BE54-9A1E7A4F7556}") = "Application", "BookingService\Core\Application\Application.csproj", "{9B8AF22B-37D5-4234-8779-E8C85DA3332D}"
EndProject
Project("{9A19103F-16F7-4668-BE54-9A1E7A4F7556}") = "Domain", "BookingService\Core\Domain\Domain.csproj", "{2AD446A9-C072-4643-9457-9E597CD8385E}"
EndProject
Global
	GlobalSection(SolutionConfigurationPlatforms) = preSolution
		Debug|Any CPU = Debug|Any CPU
		Release|Any CPU = Release|Any CPU
	EndGlobalSection
	GlobalSection(ProjectConfigurationPlatforms) = postSolution
		{D1C137D4-1F9C-40AF-A346-979166F268DE}.Debug|Any CPU.ActiveCfg = Debug|Any CPU
		{D1C137D4-1F9C-40AF-A346-979166F268DE}.Debug|Any CPU.Build.0 = Debug|Any CPU
		{D1C137D4-1F9C-40AF-A346-979166F268DE}.Release|Any CPU.ActiveCfg = Release|Any CPU
		{D1C137D4-1F9C-40AF-A346-979166F268DE}.Release|Any CPU.Build.0 = Release|Any CPU
		{339A48EB-1F9D-4047-89EC-0DAAF01BEDAC}.Debug|Any CPU.ActiveCfg = Debug|Any CPU
		{339A48EB-1F9D-4047-89EC-0DAAF01BEDAC}.Debug|Any CPU.Build.0 = Debug|Any CPU
		{339A48EB-1F9D-4047-89EC-0DAAF01BEDAC}.Release|Any CPU.ActiveCfg = Release|Any CPU
		{339A48EB-1F9D-4047-89EC-0DAAF01BEDAC}.Release|Any CPU.Build.0 = Release|Any CPU
		{F5D31F96-AF21-4432-B986-73ADBD9FC1D2}.Debug|Any CPU.ActiveCfg = Debug|Any CPU
		{F5D31F96-AF21-4432-B986-73ADBD9FC1D2}.Debug|Any CPU.Build.0 = Debug|Any CPU
		{F5D31F96-AF21-4432-B986-73ADBD9FC1D2}.Release|Any CPU.ActiveCfg = Release|Any CPU
		{F5D31F96-AF21-4432-B986-73ADBD9FC1D2}.Release|Any CPU.Build.0 = Release|Any CPU
		{8560B201-A793-4C5B-95A2-6C35026ED8FE}.Debug|Any CPU.ActiveCfg = Debug|Any CPU
		{8560B201-A793-4C5B-95A2-6C35026ED8FE}.Debug|Any CPU.Build.0 = Debug|Any CPU
		{8560B201-A793-4C5B-95A2-6C35026ED8FE}.Release|Any CPU.ActiveCfg = Release|Any CPU
		{8560B201-A793-4C5B-95A2-6C35026ED8FE}.Release|Any CPU.Build.0 = Release|Any CPU
		{142292AC-B45C-4729-90B4-7B2895745BC3}.Debug|Any CPU.ActiveCfg = Debug|Any CPU
		{142292AC-B45C-4729-90B4-7B2895745BC3}.Debug|Any CPU.Build.0 = Debug|Any CPU
		{142292AC-B45C-4729-90B4-7B2895745BC3}.Release|Any CPU.ActiveCfg = Release|Any CPU
		{142292AC-B45C-4729-90B4-7B2895745BC3}.Release|Any CPU.Build.0 = Release|Any CPU
		{9B8AF22B-37D5-4234-8779-E8C85DA3332D}.Debug|Any CPU.ActiveCfg = Debug|Any CPU
		{9B8AF22B-37D5-4234-8779-E8C85DA3332D}.Debug|Any CPU.Build.0 = Debug|Any CPU
		{9B8AF22B-37D5-4234-8779-E8C85DA3332D}.Release|Any CPU.ActiveCfg = Release|Any CPU
		{9B8AF22B-37D5-4234-8779-E8C85DA3332D}.Release|Any CPU.Build.0 = Release|Any CPU
		{2AD446A9-C072-4643-9457-9E597CD8385E}.Debug|Any CPU.ActiveCfg = Debug|Any CPU
		{2AD446A9-C072-4643-9457-9E597CD8385E}.Debug|Any CPU.Build.0 = Debug|Any CPU
		{2AD446A9-C072-4643-9457-9E597CD8385E}.Release|Any CPU.ActiveCfg = Release|Any CPU
		{2AD446A9-C072-4643-9457-9E597CD8385E}.Release|Any CPU.Build.0 = Release|Any CPU
	EndGlobalSection
	GlobalSection(SolutionProperties) = preSolution
		HideSolutionNode = FALSE
	EndGlobalSection
	GlobalSection(NestedProjects) = preSolution
		{775BFB23-E1EE-415D-A521-3D9775D0DC85} = {786C8C3E-0EBD-4359-A798-487B5209D307}
		{54E14F53-3945-4ADE-B15C-88BA127A0182} = {775BFB23-E1EE-415D-A521-3D9775D0DC85}
		{F458E923-B671-47A6-9C6B-18ED8B10689B} = {775BFB23-E1EE-415D-A521-3D9775D0DC85}
		{547FAE6D-BF08-4606-8551-FE5A152D0955} = {786C8C3E-0EBD-4359-A798-487B5209D307}
		{5E2FD41B-3D53-48A4-BA82-9A0BAC869E17} = {786C8C3E-0EBD-4359-A798-487B5209D307}
		{8226AE2E-FEA2-45C9-B4D6-B763BFA5DEB3} = {786C8C3E-0EBD-4359-A798-487B5209D307}
		{17372079-BB77-43EF-90C9-ECD4A1CCE1F7} = {8226AE2E-FEA2-45C9-B4D6-B763BFA5DEB3}
		{D1C137D4-1F9C-40AF-A346-979166F268DE} = {17372079-BB77-43EF-90C9-ECD4A1CCE1F7}
		{339A48EB-1F9D-4047-89EC-0DAAF01BEDAC} = {8DD36218-4FAC-4CB6-BB0E-0E541FCF5F5C}
		{8DD36218-4FAC-4CB6-BB0E-0E541FCF5F5C} = {8226AE2E-FEA2-45C9-B4D6-B763BFA5DEB3}
		{B7FDD90C-4C5A-4B72-9554-5147B358B625} = {8226AE2E-FEA2-45C9-B4D6-B763BFA5DEB3}
		{F5D31F96-AF21-4432-B986-73ADBD9FC1D2} = {5E2FD41B-3D53-48A4-BA82-9A0BAC869E17}
		{8560B201-A793-4C5B-95A2-6C35026ED8FE} = {547FAE6D-BF08-4606-8551-FE5A152D0955}
		{142292AC-B45C-4729-90B4-7B2895745BC3} = {B7FDD90C-4C5A-4B72-9554-5147B358B625}
		{9B8AF22B-37D5-4234-8779-E8C85DA3332D} = {F458E923-B671-47A6-9C6B-18ED8B10689B}
		{2AD446A9-C072-4643-9457-9E597CD8385E} = {54E14F53-3945-4ADE-B15C-88BA127A0182}
	EndGlobalSection
	GlobalSection(ExtensibilityGlobals) = postSolution
		SolutionGuid = {3A7E0597-C5FD-4310-9E43-87B7819705CE}
	EndGlobalSection
EndGlobal
